
Microsoft Visual Studio Solution File, Format Version 12.00
# Visual Studio Version 17
VisualStudioVersion = 17.0.32002.185
MinimumVisualStudioVersion = 10.0.40219.1
Project("{FAE04EC0-301F-11D3-BF4B-00C04F79EFBC}") = "WebApplication3", "WebApplication3\WebApplication3.csproj", "{6E8678DA-53BF-4171-A352-4A46D78176DD}"
EndProject
Project("{FAE04EC0-301F-11D3-BF4B-00C04F79EFBC}") = "Negocio", "Negocio\Negocio.csproj", "{437481C1-6028-455F-9085-D56BE567350F}"
EndProject
Project("{FAE04EC0-301F-11D3-BF4B-00C04F79EFBC}") = "Repositorio", "Repositorio\Repositorio.csproj", "{1CDAA617-02EA-4F4D-BF6F-09E0D098AB55}"
EndProject
Global
	GlobalSection(SolutionConfigurationPlatforms) = preSolution
		Debug|Any CPU = Debug|Any CPU
		Release|Any CPU = Release|Any CPU
	EndGlobalSection
	GlobalSection(ProjectConfigurationPlatforms) = postSolution
		{6E8678DA-53BF-4171-A352-4A46D78176DD}.Debug|Any CPU.ActiveCfg = Debug|Any CPU
		{6E8678DA-53BF-4171-A352-4A46D78176DD}.Debug|Any CPU.Build.0 = Debug|Any CPU
		{6E8678DA-53BF-4171-A352-4A46D78176DD}.Release|Any CPU.ActiveCfg = Release|Any CPU
		{6E8678DA-53BF-4171-A352-4A46D78176DD}.Release|Any CPU.Build.0 = Release|Any CPU
		{437481C1-6028-455F-9085-D56BE567350F}.Debug|Any CPU.ActiveCfg = Debug|Any CPU
		{437481C1-6028-455F-9085-D56BE567350F}.Debug|Any CPU.Build.0 = Debug|Any CPU
		{437481C1-6028-455F-9085-D56BE567350F}.Release|Any CPU.ActiveCfg = Release|Any CPU
		{437481C1-6028-455F-9085-D56BE567350F}.Release|Any CPU.Build.0 = Release|Any CPU
		{1CDAA617-02EA-4F4D-BF6F-09E0D098AB55}.Debug|Any CPU.ActiveCfg = Debug|Any CPU
		{1CDAA617-02EA-4F4D-BF6F-09E0D098AB55}.Debug|Any CPU.Build.0 = Debug|Any CPU
		{1CDAA617-02EA-4F4D-BF6F-09E0D098AB55}.Release|Any CPU.ActiveCfg = Release|Any CPU
		{1CDAA617-02EA-4F4D-BF6F-09E0D098AB55}.Release|Any CPU.Build.0 = Release|Any CPU
	EndGlobalSection
	GlobalSection(SolutionProperties) = preSolution
		HideSolutionNode = FALSE
	EndGlobalSection
	GlobalSection(ExtensibilityGlobals) = postSolution
		SolutionGuid = {7CA27C88-4FE0-439D-83A5-CDEC9FCEADA6}
	EndGlobalSection
EndGlobal
